
Microsoft Visual Studio Solution File, Format Version 12.00
# Visual Studio Version 16
VisualStudioVersion = 16.0.32407.337
MinimumVisualStudioVersion = 10.0.40219.1
Project("{9A19103F-16F7-4668-BE54-9A1E7A4F7556}") = "ThirdWeekTQTrng", "ThirdWeekTQTrng\ThirdWeekTQTrng.csproj", "{B4992F15-09D3-41F0-A9AE-DF01F523351E}"
EndProject
Global
	GlobalSection(SolutionConfigurationPlatforms) = preSolution
		Debug|Any CPU = Debug|Any CPU
		Release|Any CPU = Release|Any CPU
	EndGlobalSection
	GlobalSection(ProjectConfigurationPlatforms) = postSolution
		{B4992F15-09D3-41F0-A9AE-DF01F523351E}.Debug|Any CPU.ActiveCfg = Debug|Any CPU
		{B4992F15-09D3-41F0-A9AE-DF01F523351E}.Debug|Any CPU.Build.0 = Debug|Any CPU
		{B4992F15-09D3-41F0-A9AE-DF01F523351E}.Release|Any CPU.ActiveCfg = Release|Any CPU
		{B4992F15-09D3-41F0-A9AE-DF01F523351E}.Release|Any CPU.Build.0 = Release|Any CPU
	EndGlobalSection
	GlobalSection(SolutionProperties) = preSolution
		HideSolutionNode = FALSE
	EndGlobalSection
	GlobalSection(ExtensibilityGlobals) = postSolution
		SolutionGuid = {494A6E49-B0BD-4941-AE57-5F33DE8FAAF2}
	EndGlobalSection
EndGlobal
